
Microsoft Visual Studio Solution File, Format Version 12.00
# Visual Studio 14
VisualStudioVersion = 14.0.25420.1
MinimumVisualStudioVersion = 10.0.40219.1
Project("{FAE04EC0-301F-11D3-BF4B-00C04F79EFBC}") = "MASHY", "MASHY\MASHY\MASHY.csproj", "{1F98BFDE-2C4D-4981-B0DD-24C8CD7511A5}"
EndProject
Project("{FAE04EC0-301F-11D3-BF4B-00C04F79EFBC}") = "MASHY.Droid", "MASHY\MASHY.Droid\MASHY.Droid.csproj", "{F51213BF-80AF-4AAE-8C01-3F79E02955A6}"
EndProject
Project("{FAE04EC0-301F-11D3-BF4B-00C04F79EFBC}") = "MASHY.iOS", "MASHY\MASHY.iOS\MASHY.iOS.csproj", "{B3481212-8127-4B75-B650-3619697F71AA}"
EndProject
Global
	GlobalSection(SolutionConfigurationPlatforms) = preSolution
		Ad-Hoc|Any CPU = Ad-Hoc|Any CPU
		Ad-Hoc|iPhone = Ad-Hoc|iPhone
		Ad-Hoc|iPhoneSimulator = Ad-Hoc|iPhoneSimulator
		AppStore|Any CPU = AppStore|Any CPU
		AppStore|iPhone = AppStore|iPhone
		AppStore|iPhoneSimulator = AppStore|iPhoneSimulator
		Debug|Any CPU = Debug|Any CPU
		Debug|iPhone = Debug|iPhone
		Debug|iPhoneSimulator = Debug|iPhoneSimulator
		Release|Any CPU = Release|Any CPU
		Release|iPhone = Release|iPhone
		Release|iPhoneSimulator = Release|iPhoneSimulator
	EndGlobalSection
	GlobalSection(ProjectConfigurationPlatforms) = postSolution
		{1F98BFDE-2C4D-4981-B0DD-24C8CD7511A5}.Ad-Hoc|Any CPU.ActiveCfg = Release|Any CPU
		{1F98BFDE-2C4D-4981-B0DD-24C8CD7511A5}.Ad-Hoc|Any CPU.Build.0 = Release|Any CPU
		{1F98BFDE-2C4D-4981-B0DD-24C8CD7511A5}.Ad-Hoc|iPhone.ActiveCfg = Release|Any CPU
		{1F98BFDE-2C4D-4981-B0DD-24C8CD7511A5}.Ad-Hoc|iPhone.Build.0 = Release|Any CPU
		{1F98BFDE-2C4D-4981-B0DD-24C8CD7511A5}.Ad-Hoc|iPhoneSimulator.ActiveCfg = Release|Any CPU
		{1F98BFDE-2C4D-4981-B0DD-24C8CD7511A5}.Ad-Hoc|iPhoneSimulator.Build.0 = Release|Any CPU
		{1F98BFDE-2C4D-4981-B0DD-24C8CD7511A5}.AppStore|Any CPU.ActiveCfg = Release|Any CPU
		{1F98BFDE-2C4D-4981-B0DD-24C8CD7511A5}.AppStore|Any CPU.Build.0 = Release|Any CPU
		{1F98BFDE-2C4D-4981-B0DD-24C8CD7511A5}.AppStore|iPhone.ActiveCfg = Release|Any CPU
		{1F98BFDE-2C4D-4981-B0DD-24C8CD7511A5}.AppStore|iPhone.Build.0 = Release|Any CPU
		{1F98BFDE-2C4D-4981-B0DD-24C8CD7511A5}.AppStore|iPhoneSimulator.ActiveCfg = Release|Any CPU
		{1F98BFDE-2C4D-4981-B0DD-24C8CD7511A5}.AppStore|iPhoneSimulator.Build.0 = Release|Any CPU
		{1F98BFDE-2C4D-4981-B0DD-24C8CD7511A5}.Debug|Any CPU.ActiveCfg = Debug|Any CPU
		{1F98BFDE-2C4D-4981-B0DD-24C8CD7511A5}.Debug|Any CPU.Build.0 = Debug|Any CPU
		{1F98BFDE-2C4D-4981-B0DD-24C8CD7511A5}.Debug|iPhone.ActiveCfg = Debug|Any CPU
		{1F98BFDE-2C4D-4981-B0DD-24C8CD7511A5}.Debug|iPhone.Build.0 = Debug|Any CPU
		{1F98BFDE-2C4D-4981-B0DD-24C8CD7511A5}.Debug|iPhoneSimulator.ActiveCfg = Debug|Any CPU
		{1F98BFDE-2C4D-4981-B0DD-24C8CD7511A5}.Debug|iPhoneSimulator.Build.0 = Debug|Any CPU
		{1F98BFDE-2C4D-4981-B0DD-24C8CD7511A5}.Release|Any CPU.ActiveCfg = Release|Any CPU
		{1F98BFDE-2C4D-4981-B0DD-24C8CD7511A5}.Release|Any CPU.Build.0 = Release|Any CPU
		{1F98BFDE-2C4D-4981-B0DD-24C8CD7511A5}.Release|iPhone.ActiveCfg = Release|Any CPU
		{1F98BFDE-2C4D-4981-B0DD-24C8CD7511A5}.Release|iPhone.Build.0 = Release|Any CPU
		{1F98BFDE-2C4D-4981-B0DD-24C8CD7511A5}.Release|iPhoneSimulator.ActiveCfg = Release|Any CPU
		{1F98BFDE-2C4D-4981-B0DD-24C8CD7511A5}.Release|iPhoneSimulator.Build.0 = Release|Any CPU
		{F51213BF-80AF-4AAE-8C01-3F79E02955A6}.Ad-Hoc|Any CPU.ActiveCfg = Release|Any CPU
		{F51213BF-80AF-4AAE-8C01-3F79E02955A6}.Ad-Hoc|Any CPU.Build.0 = Release|Any CPU
		{F51213BF-80AF-4AAE-8C01-3F79E02955A6}.Ad-Hoc|Any CPU.Deploy.0 = Release|Any CPU
		{F51213BF-80AF-4AAE-8C01-3F79E02955A6}.Ad-Hoc|iPhone.ActiveCfg = Release|Any CPU
		{F51213BF-80AF-4AAE-8C01-3F79E02955A6}.Ad-Hoc|iPhone.Build.0 = Release|Any CPU
		{F51213BF-80AF-4AAE-8C01-3F79E02955A6}.Ad-Hoc|iPhone.Deploy.0 = Release|Any CPU
		{F51213BF-80AF-4AAE-8C01-3F79E02955A6}.Ad-Hoc|iPhoneSimulator.ActiveCfg = Release|Any CPU
		{F51213BF-80AF-4AAE-8C01-3F79E02955A6}.Ad-Hoc|iPhoneSimulator.Build.0 = Release|Any CPU
		{F51213BF-80AF-4AAE-8C01-3F79E02955A6}.Ad-Hoc|iPhoneSimulator.Deploy.0 = Release|Any CPU
		{F51213BF-80AF-4AAE-8C01-3F79E02955A6}.AppStore|Any CPU.ActiveCfg = Release|Any CPU
		{F51213BF-80AF-4AAE-8C01-3F79E02955A6}.AppStore|Any CPU.Build.0 = Release|Any CPU
		{F51213BF-80AF-4AAE-8C01-3F79E02955A6}.AppStore|Any CPU.Deploy.0 = Release|Any CPU
		{F51213BF-80AF-4AAE-8C01-3F79E02955A6}.AppStore|iPhone.ActiveCfg = Release|Any CPU
		{F51213BF-80AF-4AAE-8C01-3F79E02955A6}.AppStore|iPhone.Build.0 = Release|Any CPU
		{F51213BF-80AF-4AAE-8C01-3F79E02955A6}.AppStore|iPhone.Deploy.0 = Release|Any CPU
		{F51213BF-80AF-4AAE-8C01-3F79E02955A6}.AppStore|iPhoneSimulator.ActiveCfg = Release|Any CPU
		{F51213BF-80AF-4AAE-8C01-3F79E02955A6}.AppStore|iPhoneSimulator.Build.0 = Release|Any CPU
		{F51213BF-80AF-4AAE-8C01-3F79E02955A6}.AppStore|iPhoneSimulator.Deploy.0 = Release|Any CPU
		{F51213BF-80AF-4AAE-8C01-3F79E02955A6}.Debug|Any CPU.ActiveCfg = Debug|Any CPU
		{F51213BF-80AF-4AAE-8C01-3F79E02955A6}.Debug|Any CPU.Build.0 = Debug|Any CPU
		{F51213BF-80AF-4AAE-8C01-3F79E02955A6}.Debug|Any CPU.Deploy.0 = Debug|Any CPU
		{F51213BF-80AF-4AAE-8C01-3F79E02955A6}.Debug|iPhone.ActiveCfg = Debug|Any CPU
		{F51213BF-80AF-4AAE-8C01-3F79E02955A6}.Debug|iPhone.Build.0 = Debug|Any CPU
		{F51213BF-80AF-4AAE-8C01-3F79E02955A6}.Debug|iPhone.Deploy.0 = Debug|Any CPU
		{F51213BF-80AF-4AAE-8C01-3F79E02955A6}.Debug|iPhoneSimulator.ActiveCfg = Debug|Any CPU
		{F51213BF-80AF-4AAE-8C01-3F79E02955A6}.Debug|iPhoneSimulator.Build.0 = Debug|Any CPU
		{F51213BF-80AF-4AAE-8C01-3F79E02955A6}.Debug|iPhoneSimulator.Deploy.0 = Debug|Any CPU
		{F51213BF-80AF-4AAE-8C01-3F79E02955A6}.Release|Any CPU.ActiveCfg = Release|Any CPU
		{F51213BF-80AF-4AAE-8C01-3F79E02955A6}.Release|Any CPU.Build.0 = Release|Any CPU
		{F51213BF-80AF-4AAE-8C01-3F79E02955A6}.Release|Any CPU.Deploy.0 = Release|Any CPU
		{F51213BF-80AF-4AAE-8C01-3F79E02955A6}.Release|iPhone.ActiveCfg = Release|Any CPU
		{F51213BF-80AF-4AAE-8C01-3F79E02955A6}.Release|iPhone.Build.0 = Release|Any CPU
		{F51213BF-80AF-4AAE-8C01-3F79E02955A6}.Release|iPhone.Deploy.0 = Release|Any CPU
		{F51213BF-80AF-4AAE-8C01-3F79E02955A6}.Release|iPhoneSimulator.ActiveCfg = Release|Any CPU
		{F51213BF-80AF-4AAE-8C01-3F79E02955A6}.Release|iPhoneSimulator.Build.0 = Release|Any CPU
		{F51213BF-80AF-4AAE-8C01-3F79E02955A6}.Release|iPhoneSimulator.Deploy.0 = Release|Any CPU
		{B3481212-8127-4B75-B650-3619697F71AA}.Ad-Hoc|Any CPU.ActiveCfg = Ad-Hoc|iPhone
		{B3481212-8127-4B75-B650-3619697F71AA}.Ad-Hoc|iPhone.ActiveCfg = Ad-Hoc|iPhone
		{B3481212-8127-4B75-B650-3619697F71AA}.Ad-Hoc|iPhone.Build.0 = Ad-Hoc|iPhone
		{B3481212-8127-4B75-B650-3619697F71AA}.Ad-Hoc|iPhoneSimulator.ActiveCfg = Ad-Hoc|iPhoneSimulator
		{B3481212-8127-4B75-B650-3619697F71AA}.Ad-Hoc|iPhoneSimulator.Build.0 = Ad-Hoc|iPhoneSimulator
		{B3481212-8127-4B75-B650-3619697F71AA}.AppStore|Any CPU.ActiveCfg = AppStore|iPhone
		{B3481212-8127-4B75-B650-3619697F71AA}.AppStore|iPhone.ActiveCfg = AppStore|iPhone
		{B3481212-8127-4B75-B650-3619697F71AA}.AppStore|iPhone.Build.0 = AppStore|iPhone
		{B3481212-8127-4B75-B650-3619697F71AA}.AppStore|iPhoneSimulator.ActiveCfg = AppStore|iPhoneSimulator
		{B3481212-8127-4B75-B650-3619697F71AA}.AppStore|iPhoneSimulator.Build.0 = AppStore|iPhoneSimulator
		{B3481212-8127-4B75-B650-3619697F71AA}.Debug|Any CPU.ActiveCfg = Debug|iPhone
		{B3481212-8127-4B75-B650-3619697F71AA}.Debug|iPhone.ActiveCfg = Debug|iPhone
		{B3481212-8127-4B75-B650-3619697F71AA}.Debug|iPhone.Build.0 = Debug|iPhone
		{B3481212-8127-4B75-B650-3619697F71AA}.Debug|iPhoneSimulator.ActiveCfg = Debug|iPhoneSimulator
		{B3481212-8127-4B75-B650-3619697F71AA}.Debug|iPhoneSimulator.Build.0 = Debug|iPhoneSimulator
		{B3481212-8127-4B75-B650-3619697F71AA}.Release|Any CPU.ActiveCfg = Release|iPhone
		{B3481212-8127-4B75-B650-3619697F71AA}.Release|iPhone.ActiveCfg = Release|iPhone
		{B3481212-8127-4B75-B650-3619697F71AA}.Release|iPhone.Build.0 = Release|iPhone
		{B3481212-8127-4B75-B650-3619697F71AA}.Release|iPhoneSimulator.ActiveCfg = Release|iPhoneSimulator
		{B3481212-8127-4B75-B650-3619697F71AA}.Release|iPhoneSimulator.Build.0 = Release|iPhoneSimulator
	EndGlobalSection
	GlobalSection(SolutionProperties) = preSolution
		HideSolutionNode = FALSE
	EndGlobalSection
EndGlobal
